<?xml version="1.0" encoding="utf-8"?>
<Project ToolsVersion="4.0" xmlns="http://schemas.microsoft.com/developer/msbuild/2003">
  <ItemGroup>
    <Filter Include="Source Files">
      <UniqueIdentifier>{9c3ddc41-9eb3-4842-91fb-26d08a2cb189}</UniqueIdentifier>
      <Extensions>cpp;c;cxx;rc;def;r;odl;hpj;bat;for;f90</Extensions>
    </Filter>
    <Filter Include="Source Files\UTSource">
      <UniqueIdentifier>{7c5c5dff-ad16-43e6-8fb5-927dc87b3471}</UniqueIdentifier>
    </Filter>
    <Filter Include="Header Files">
      <UniqueIdentifier>{0d1d5a5a-8631-4ddd-b318-00bd6ef510b1}</UniqueIdentifier>
      <Extensions>h;hpp;hxx;hm;inl;fi;fd</Extensions>
    </Filter>
    <Filter Include="Resource Files">
      <UniqueIdentifier>{8760c2a9-703c-44b4-a457-fb9249fbc90e}</UniqueIdentifier>
      <Extensions>ico;cur;bmp;dlg;rc2;rct;bin;cnt;rtf;gif;jpg;jpeg;jpe</Extensions>
    </Filter>
  </ItemGroup>
  <ItemGroup>
    <ClCompile Include="MAINFRM.CPP">
      <Filter>Source Files</Filter>
    </ClCompile>
    <ClCompile Include="PENDLG.CPP">
      <Filter>Source Files</Filter>
    </ClCompile>
    <ClCompile Include="SCRIBBLE.CPP">
      <Filter>Source Files</Filter>
    </ClCompile>
    <ClCompile Include="SCRIBDOC.CPP">
      <Filter>Source Files</Filter>
    </ClCompile>
    <ClCompile Include="SCRIBVW.CPP">
      <Filter>Source Files</Filter>
    </ClCompile>
    <ClCompile Include="STDAFX.CPP">
      <Filter>Source Files</Filter>
    </ClCompile>
    <ClCompile Include="..\..\..\source\UTSampleAbout\HtmlCtrl.cpp">
      <Filter>Source Files\UTSource</Filter>
    </ClCompile>
    <ClCompile Include="..\..\..\Source\Oxzoomvw.cpp">
      <Filter>Source Files\UTSource</Filter>
    </ClCompile>
    <ClCompile Include="..\..\..\source\UTBStrOp.cpp">
      <Filter>Source Files\UTSource</Filter>
    </ClCompile>
    <ClCompile Include="..\..\..\Source\UTSampleAbout\UTSampleAbout.cpp">
      <Filter>Source Files\UTSource</Filter>
    </ClCompile>
  </ItemGroup>
  <ItemGroup>
    <ResourceCompile Include="SCRIBBLE.RC">
      <Filter>Source Files</Filter>
    </ResourceCompile>
  </ItemGroup>
  <ItemGroup>
    <ClInclude Include="MAINFRM.H">
      <Filter>Header Files</Filter>
    </ClInclude>
    <ClInclude Include="PENDLG.H">
      <Filter>Header Files</Filter>
    </ClInclude>
    <ClInclude Include="SCRIBBLE.H">
      <Filter>Header Files</Filter>
    </ClInclude>
    <ClInclude Include="SCRIBDOC.H">
      <Filter>Header Files</Filter>
    </ClInclude>
    <ClInclude Include="SCRIBVW.H">
      <Filter>Header Files</Filter>
    </ClInclude>
    <ClInclude Include="STDAFX.H">
      <Filter>Header Files</Filter>
    </ClInclude>
  </ItemGroup>
  <ItemGroup>
    <None Include="RES\SCRIBBLE.ICO">
      <Filter>Resource Files</Filter>
    </None>
    <None Include="RES\SCRIBBLE.RC2">
      <Filter>Resource Files</Filter>
    </None>
    <None Include="RES\SCRIBDOC.ICO">
      <Filter>Resource Files</Filter>
    </None>
    <None Include="RES\TOOLBAR.BMP">
      <Filter>Resource Files</Filter>
    </None>
  </ItemGroup>
  <ItemGroup>
    <Manifest Include="Scribble.exe.manifest" />
  </ItemGroup>
</Project>