<?xml version="1.0" encoding="utf-8"?>
<Project ToolsVersion="4.0" xmlns="http://schemas.microsoft.com/developer/msbuild/2003">
  <ItemGroup>
    <Filter Include="Source Files">
      <UniqueIdentifier>{38856c9a-ff0e-4c56-9c7d-87e10ce89b43}</UniqueIdentifier>
      <Extensions>cpp;c;cxx;rc;def;r;odl;idl;hpj;bat</Extensions>
    </Filter>
    <Filter Include="Source Files\UTBSource">
      <UniqueIdentifier>{e42651e3-c196-49cf-9d2a-720af53d0608}</UniqueIdentifier>
    </Filter>
    <Filter Include="Header Files">
      <UniqueIdentifier>{e3b8c8ed-06fe-4e8b-85ca-52fe462cb5e9}</UniqueIdentifier>
      <Extensions>h;hpp;hxx;hm;inl</Extensions>
    </Filter>
    <Filter Include="Resource Files">
      <UniqueIdentifier>{db2b0fa2-a47d-460b-8cc1-8fa65a12141c}</UniqueIdentifier>
      <Extensions>ico;cur;bmp;dlg;rc2;rct;bin;rgs;gif;jpg;jpeg;jpe</Extensions>
    </Filter>
  </ItemGroup>
  <ItemGroup>
    <ClCompile Include="OptionTree.cpp">
      <Filter>Source Files</Filter>
    </ClCompile>
    <ClCompile Include="OptionTreeDlg.cpp">
      <Filter>Source Files</Filter>
    </ClCompile>
    <ClCompile Include="StdAfx.cpp">
      <Filter>Source Files</Filter>
    </ClCompile>
    <ClCompile Include="..\..\..\source\UTSampleAbout\HtmlCtrl.cpp">
      <Filter>Source Files\UTBSource</Filter>
    </ClCompile>
    <ClCompile Include="..\..\..\Source\OXOptionTreeCtrl.cpp">
      <Filter>Source Files\UTBSource</Filter>
    </ClCompile>
    <ClCompile Include="..\..\..\Source\OXSeparator.cpp">
      <Filter>Source Files\UTBSource</Filter>
    </ClCompile>
    <ClCompile Include="..\..\..\Source\OXStaticText.cpp">
      <Filter>Source Files\UTBSource</Filter>
    </ClCompile>
    <ClCompile Include="..\..\..\source\UTBStrOp.cpp">
      <Filter>Source Files\UTBSource</Filter>
    </ClCompile>
    <ClCompile Include="..\..\..\Source\UTSampleAbout\UTSampleAbout.cpp">
      <Filter>Source Files\UTBSource</Filter>
    </ClCompile>
  </ItemGroup>
  <ItemGroup>
    <ResourceCompile Include="OptionTree.rc">
      <Filter>Source Files</Filter>
    </ResourceCompile>
  </ItemGroup>
  <ItemGroup>
    <ClInclude Include="OptionTree.h">
      <Filter>Header Files</Filter>
    </ClInclude>
    <ClInclude Include="OptionTreeDlg.h">
      <Filter>Header Files</Filter>
    </ClInclude>
    <ClInclude Include="..\..\..\Include\OXOptionTreeCtrl.h">
      <Filter>Header Files</Filter>
    </ClInclude>
    <ClInclude Include="Resource.h">
      <Filter>Header Files</Filter>
    </ClInclude>
    <ClInclude Include="StdAfx.h">
      <Filter>Header Files</Filter>
    </ClInclude>
  </ItemGroup>
  <ItemGroup>
    <None Include="res\B_check.bmp">
      <Filter>Resource Files</Filter>
    </None>
    <None Include="res\B_check0.bmp">
      <Filter>Resource Files</Filter>
    </None>
    <None Include="res\B_check1.bmp">
      <Filter>Resource Files</Filter>
    </None>
    <None Include="res\B_cookie.bmp">
      <Filter>Resource Files</Filter>
    </None>
    <None Include="res\B_radio.bmp">
      <Filter>Resource Files</Filter>
    </None>
    <None Include="res\B_radio0.bmp">
      <Filter>Resource Files</Filter>
    </None>
    <None Include="res\B_radio1.bmp">
      <Filter>Resource Files</Filter>
    </None>
    <None Include="res\OptionTree.ico">
      <Filter>Resource Files</Filter>
    </None>
    <None Include="res\OptionTree.rc2">
      <Filter>Resource Files</Filter>
    </None>
    <None Include="res\oxoption.bmp">
      <Filter>Resource Files</Filter>
    </None>
    <None Include="ReadMe.txt" />
  </ItemGroup>
  <ItemGroup>
    <Manifest Include="OptionTree.exe.manifest" />
  </ItemGroup>
</Project>