<?xml version="1.0" encoding="utf-8"?>
<Project ToolsVersion="4.0" xmlns="http://schemas.microsoft.com/developer/msbuild/2003">
  <ItemGroup>
    <Filter Include="Source Files">
      <UniqueIdentifier>{4618cbf4-13cf-4bdb-a92a-6ec9dbd8356f}</UniqueIdentifier>
      <Extensions>cpp;c;cxx;rc;def;r;odl;hpj;bat;for;f90</Extensions>
    </Filter>
    <Filter Include="Source Files\UTSource">
      <UniqueIdentifier>{1c012e43-0948-4494-a080-2e2c5e0f38e0}</UniqueIdentifier>
    </Filter>
    <Filter Include="Header Files">
      <UniqueIdentifier>{d849f19e-534f-4322-b6c0-eb522cc284b5}</UniqueIdentifier>
      <Extensions>h;hpp;hxx;hm;inl;fi;fd</Extensions>
    </Filter>
    <Filter Include="Resource Files">
      <UniqueIdentifier>{ce7819ef-09d9-45da-974d-d3ba38d55bbe}</UniqueIdentifier>
      <Extensions>ico;cur;bmp;dlg;rc2;rct;bin;cnt;rtf;gif;jpg;jpeg;jpe</Extensions>
    </Filter>
  </ItemGroup>
  <ItemGroup>
    <ClCompile Include="BitmapButtonDemo.cpp">
      <Filter>Source Files</Filter>
    </ClCompile>
    <ClCompile Include="BitmapButtonDemoDlg.cpp">
      <Filter>Source Files</Filter>
    </ClCompile>
    <ClCompile Include="HyperDlg.cpp">
      <Filter>Source Files</Filter>
    </ClCompile>
    <ClCompile Include="StdAfx.cpp">
      <Filter>Source Files</Filter>
    </ClCompile>
    <ClCompile Include="..\..\..\source\UTSampleAbout\HtmlCtrl.cpp">
      <Filter>Source Files\UTSource</Filter>
    </ClCompile>
    <ClCompile Include="..\..\..\Source\OXBitmapButton.cpp">
      <Filter>Source Files\UTSource</Filter>
    </ClCompile>
    <ClCompile Include="..\..\..\Source\Oxdib.cpp">
      <Filter>Source Files\UTSource</Filter>
    </ClCompile>
    <ClCompile Include="..\..\..\Source\OXToolTipCtrl.cpp">
      <Filter>Source Files\UTSource</Filter>
    </ClCompile>
    <ClCompile Include="..\..\..\source\UTBStrOp.cpp">
      <Filter>Source Files\UTSource</Filter>
    </ClCompile>
    <ClCompile Include="..\..\..\Source\UTSampleAbout\UTSampleAbout.cpp">
      <Filter>Source Files\UTSource</Filter>
    </ClCompile>
  </ItemGroup>
  <ItemGroup>
    <ResourceCompile Include="BitmapButtonDemo.rc">
      <Filter>Source Files</Filter>
    </ResourceCompile>
  </ItemGroup>
  <ItemGroup>
    <ClInclude Include="BitmapButtonDemo.h">
      <Filter>Header Files</Filter>
    </ClInclude>
    <ClInclude Include="BitmapButtonDemoDlg.h">
      <Filter>Header Files</Filter>
    </ClInclude>
    <ClInclude Include="HyperDlg.h">
      <Filter>Header Files</Filter>
    </ClInclude>
    <ClInclude Include="..\..\..\Include\OXBitmapButton.h">
      <Filter>Header Files</Filter>
    </ClInclude>
    <ClInclude Include="..\..\..\Include\OXDIB.H">
      <Filter>Header Files</Filter>
    </ClInclude>
    <ClInclude Include="resource.h">
      <Filter>Header Files</Filter>
    </ClInclude>
    <ClInclude Include="StdAfx.h">
      <Filter>Header Files</Filter>
    </ClInclude>
  </ItemGroup>
  <ItemGroup>
    <None Include="res\BitmapButtonDemo.ico">
      <Filter>Resource Files</Filter>
    </None>
    <None Include="res\icon1.ico">
      <Filter>Resource Files</Filter>
    </None>
    <None Include="res\space.bmp">
      <Filter>Resource Files</Filter>
    </None>
    <None Include="res\sun.bmp">
      <Filter>Resource Files</Filter>
    </None>
    <None Include="res\tick.bmp">
      <Filter>Resource Files</Filter>
    </None>
    <None Include="res\ToolBitmap1.bmp">
      <Filter>Resource Files</Filter>
    </None>
    <None Include="res\ToolBitmap3.bmp">
      <Filter>Resource Files</Filter>
    </None>
    <None Include="res\ToolIcon2.ico">
      <Filter>Resource Files</Filter>
    </None>
    <None Include="res\avi_test.avi" />
  </ItemGroup>
  <ItemGroup>
    <Manifest Include="BitmapButtonDemo.exe.manifest" />
  </ItemGroup>
</Project>