<?xml version="1.0" encoding="utf-8"?>
<Project ToolsVersion="4.0" xmlns="http://schemas.microsoft.com/developer/msbuild/2003">
  <ItemGroup>
    <Filter Include="Source Files">
      <UniqueIdentifier>{06613bdc-6946-44a9-8cde-0ea537892412}</UniqueIdentifier>
      <Extensions>cpp;c;cxx;rc;def;r;odl;hpj;bat;for;f90</Extensions>
    </Filter>
    <Filter Include="Source Files\UTSource">
      <UniqueIdentifier>{5f6a0e42-e80f-438c-87f1-e1b98eb2bb81}</UniqueIdentifier>
    </Filter>
    <Filter Include="Header Files">
      <UniqueIdentifier>{5ab6a55b-2d0d-4e85-857c-41198d3196c4}</UniqueIdentifier>
      <Extensions>h;hpp;hxx;hm;inl;fi;fd</Extensions>
    </Filter>
    <Filter Include="Resource Files">
      <UniqueIdentifier>{5e3af5c6-6e4b-452c-8e2c-0392f6be2dd3}</UniqueIdentifier>
      <Extensions>ico;cur;bmp;dlg;rc2;rct;bin;cnt;rtf;gif;jpg;jpeg;jpe</Extensions>
    </Filter>
  </ItemGroup>
  <ItemGroup>
    <ClCompile Include="SoundTest.cpp">
      <Filter>Source Files</Filter>
    </ClCompile>
    <ClCompile Include="SoundTestDlg.cpp">
      <Filter>Source Files</Filter>
    </ClCompile>
    <ClCompile Include="StdAfx.cpp">
      <Filter>Source Files</Filter>
    </ClCompile>
    <ClCompile Include="..\..\..\source\UTSampleAbout\HtmlCtrl.cpp">
      <Filter>Source Files\UTSource</Filter>
    </ClCompile>
    <ClCompile Include="..\..\..\Source\OXSound.cpp">
      <Filter>Source Files\UTSource</Filter>
    </ClCompile>
    <ClCompile Include="..\..\..\Source\OXSoundWnd.cpp">
      <Filter>Source Files\UTSource</Filter>
    </ClCompile>
    <ClCompile Include="..\..\..\source\UTBStrOp.cpp">
      <Filter>Source Files\UTSource</Filter>
    </ClCompile>
    <ClCompile Include="..\..\..\Source\UTSampleAbout\UTSampleAbout.cpp">
      <Filter>Source Files\UTSource</Filter>
    </ClCompile>
  </ItemGroup>
  <ItemGroup>
    <ResourceCompile Include="SoundTest.rc">
      <Filter>Source Files</Filter>
    </ResourceCompile>
  </ItemGroup>
  <ItemGroup>
    <ClInclude Include="..\..\..\Include\OXSound.h">
      <Filter>Header Files</Filter>
    </ClInclude>
    <ClInclude Include="..\..\..\Include\OXSoundWnd.h">
      <Filter>Header Files</Filter>
    </ClInclude>
    <ClInclude Include="SoundTest.h">
      <Filter>Header Files</Filter>
    </ClInclude>
    <ClInclude Include="SoundTestDlg.h">
      <Filter>Header Files</Filter>
    </ClInclude>
    <ClInclude Include="stdafx.h">
      <Filter>Header Files</Filter>
    </ClInclude>
  </ItemGroup>
  <ItemGroup>
    <None Include="res\photon.wav">
      <Filter>Resource Files</Filter>
    </None>
    <None Include="res\SoundTest.ico">
      <Filter>Resource Files</Filter>
    </None>
    <None Include="res\SoundTest.rc2">
      <Filter>Resource Files</Filter>
    </None>
    <None Include="res\Flamenco.wav" />
  </ItemGroup>
</Project>