<?xml version="1.0" encoding="utf-8"?>
<Project ToolsVersion="4.0" xmlns="http://schemas.microsoft.com/developer/msbuild/2003">
  <ItemGroup>
    <Filter Include="Source Files">
      <UniqueIdentifier>{0871d863-9386-4175-b018-3b1b64749bcc}</UniqueIdentifier>
      <Extensions>cpp;c;cxx;rc;def;r;odl;hpj;bat;for;f90</Extensions>
    </Filter>
    <Filter Include="Source Files\UTSource">
      <UniqueIdentifier>{02e13021-763c-4df0-b56e-a4b6cc498311}</UniqueIdentifier>
    </Filter>
    <Filter Include="Header Files">
      <UniqueIdentifier>{3c7712e7-80da-4c6d-a873-f297a991ec49}</UniqueIdentifier>
      <Extensions>h;hpp;hxx;hm;inl;fi;fd</Extensions>
    </Filter>
    <Filter Include="Resource Files">
      <UniqueIdentifier>{b819d70a-7ee9-4dfd-9af9-53e55dc901a7}</UniqueIdentifier>
      <Extensions>ico;cur;bmp;dlg;rc2;rct;bin;cnt;rtf;gif;jpg;jpeg;jpe</Extensions>
    </Filter>
  </ItemGroup>
  <ItemGroup>
    <ClCompile Include="example.cpp">
      <Filter>Source Files</Filter>
    </ClCompile>
    <ClCompile Include="mainfrm.cpp">
      <Filter>Source Files</Filter>
    </ClCompile>
    <ClCompile Include="maxvirtd.cpp">
      <Filter>Source Files</Filter>
    </ClCompile>
    <ClCompile Include="Roll32.cpp">
      <Filter>Source Files</Filter>
    </ClCompile>
    <ClCompile Include="Roll3doc.cpp">
      <Filter>Source Files</Filter>
    </ClCompile>
    <ClCompile Include="Roll3vw.cpp">
      <Filter>Source Files</Filter>
    </ClCompile>
    <ClCompile Include="stdafx.cpp">
      <Filter>Source Files</Filter>
    </ClCompile>
    <ClCompile Include="..\..\..\source\UTSampleAbout\HtmlCtrl.cpp">
      <Filter>Source Files\UTSource</Filter>
    </ClCompile>
    <ClCompile Include="..\..\..\Source\OXRollup.CPP">
      <Filter>Source Files\UTSource</Filter>
    </ClCompile>
    <ClCompile Include="..\..\..\Source\OXTleBar.CPP">
      <Filter>Source Files\UTSource</Filter>
    </ClCompile>
    <ClCompile Include="..\..\..\source\UTBStrOp.cpp">
      <Filter>Source Files\UTSource</Filter>
    </ClCompile>
    <ClCompile Include="..\..\..\Source\UTSampleAbout\UTSampleAbout.cpp">
      <Filter>Source Files\UTSource</Filter>
    </ClCompile>
  </ItemGroup>
  <ItemGroup>
    <None Include="readme.txt">
      <Filter>Source Files</Filter>
    </None>
    <None Include="RES\MAXVIRT.BMP">
      <Filter>Resource Files</Filter>
    </None>
    <None Include="..\..\Include\RES\OXRUpBar.bmp">
      <Filter>Resource Files</Filter>
    </None>
    <None Include="RES\ROLL32.ICO">
      <Filter>Resource Files</Filter>
    </None>
    <None Include="RES\ROLL32.RC2">
      <Filter>Resource Files</Filter>
    </None>
    <None Include="RES\ROLL3DOC.ICO">
      <Filter>Resource Files</Filter>
    </None>
    <None Include="res\TITLEBAR.BMP">
      <Filter>Resource Files</Filter>
    </None>
    <None Include="RES\TOOLBAR.BMP">
      <Filter>Resource Files</Filter>
    </None>
  </ItemGroup>
  <ItemGroup>
    <ResourceCompile Include="ROLL32.RC">
      <Filter>Source Files</Filter>
    </ResourceCompile>
  </ItemGroup>
  <ItemGroup>
    <ClInclude Include="EXAMPLE.H">
      <Filter>Header Files</Filter>
    </ClInclude>
    <ClInclude Include="mainfrm.h">
      <Filter>Header Files</Filter>
    </ClInclude>
    <ClInclude Include="MAXVIRTD.H">
      <Filter>Header Files</Filter>
    </ClInclude>
    <ClInclude Include="..\..\..\Include\OXRollup.H">
      <Filter>Header Files</Filter>
    </ClInclude>
    <ClInclude Include="ROLL32.H">
      <Filter>Header Files</Filter>
    </ClInclude>
    <ClInclude Include="ROLL3DOC.H">
      <Filter>Header Files</Filter>
    </ClInclude>
    <ClInclude Include="ROLL3VW.H">
      <Filter>Header Files</Filter>
    </ClInclude>
    <ClInclude Include="stdafx.h">
      <Filter>Header Files</Filter>
    </ClInclude>
  </ItemGroup>
  <ItemGroup>
    <Manifest Include="Roll32.exe.manifest" />
  </ItemGroup>
</Project>