<?xml version="1.0" encoding="utf-8"?>
<Project ToolsVersion="4.0" xmlns="http://schemas.microsoft.com/developer/msbuild/2003">
  <ItemGroup>
    <Filter Include="Source Files">
      <UniqueIdentifier>{b3e860f7-55bb-4ffd-88e8-c2f1a2212b74}</UniqueIdentifier>
    </Filter>
    <Filter Include="Header Files">
      <UniqueIdentifier>{f092a8b4-591c-4de8-878a-76c64ffdd5e2}</UniqueIdentifier>
    </Filter>
    <Filter Include="Resource Files">
      <UniqueIdentifier>{12941bf1-133e-4225-bb11-078a00ff1073}</UniqueIdentifier>
    </Filter>
  </ItemGroup>
  <ItemGroup>
    <ClCompile Include="..\CPUID.C">
      <Filter>Source Files</Filter>
    </ClCompile>
    <ClCompile Include="..\Speed.c">
      <Filter>Source Files</Filter>
    </ClCompile>
  </ItemGroup>
  <ItemGroup>
    <ClInclude Include="..\cpuid.h">
      <Filter>Header Files</Filter>
    </ClInclude>
    <ClInclude Include="..\speed.h">
      <Filter>Header Files</Filter>
    </ClInclude>
  </ItemGroup>
  <ItemGroup>
    <CustomBuild Include="..\Cpuinf32.def">
      <Filter>Source Files</Filter>
    </CustomBuild>
  </ItemGroup>
</Project>