<?xml version="1.0" encoding="utf-8"?>
<Project ToolsVersion="4.0" xmlns="http://schemas.microsoft.com/developer/msbuild/2003">
  <ItemGroup>
    <Filter Include="Source Files">
      <UniqueIdentifier>{e4fab049-a241-4ed5-bc97-62f80fc6af17}</UniqueIdentifier>
      <Extensions>cpp;c;cxx;rc;def;r;odl;idl;hpj;bat</Extensions>
    </Filter>
    <Filter Include="Source Files\Ultimate ToolBox">
      <UniqueIdentifier>{783ff232-acf2-414f-8e30-a09b65bdab6e}</UniqueIdentifier>
    </Filter>
    <Filter Include="Header Files">
      <UniqueIdentifier>{c07c2b79-7837-4c29-9bf1-1afb88f5f86c}</UniqueIdentifier>
      <Extensions>h;hpp;hxx;hm;inl</Extensions>
    </Filter>
    <Filter Include="Resource Files">
      <UniqueIdentifier>{38ff725e-6d10-46b3-8174-cac72af894c3}</UniqueIdentifier>
      <Extensions>ico;cur;bmp;dlg;rc2;rct;bin;rgs;gif;jpg;jpeg;jpe</Extensions>
    </Filter>
  </ItemGroup>
  <ItemGroup>
    <ClCompile Include="CalculatorCtrl.cpp">
      <Filter>Source Files</Filter>
    </ClCompile>
    <ClCompile Include="CalculatorCtrlDlg.cpp">
      <Filter>Source Files</Filter>
    </ClCompile>
    <ClCompile Include="StdAfx.cpp">
      <Filter>Source Files</Filter>
    </ClCompile>
    <ClCompile Include="..\..\..\source\OXBitmapButton.cpp">
      <Filter>Source Files\Ultimate ToolBox</Filter>
    </ClCompile>
    <ClCompile Include="..\..\..\source\OXCalculatorCtrl.cpp">
      <Filter>Source Files\Ultimate ToolBox</Filter>
    </ClCompile>
    <ClCompile Include="..\..\..\source\OXStatic.cpp">
      <Filter>Source Files\Ultimate ToolBox</Filter>
    </ClCompile>
    <ClCompile Include="..\..\..\source\OXToolTipCtrl.cpp">
      <Filter>Source Files\Ultimate ToolBox</Filter>
    </ClCompile>
    <ClCompile Include="..\..\..\source\UTBStrOp.cpp">
      <Filter>Source Files\Ultimate ToolBox</Filter>
    </ClCompile>
  </ItemGroup>
  <ItemGroup>
    <ResourceCompile Include="CalculatorCtrl.rc">
      <Filter>Source Files</Filter>
    </ResourceCompile>
  </ItemGroup>
  <ItemGroup>
    <ClInclude Include="CalculatorCtrl.h">
      <Filter>Header Files</Filter>
    </ClInclude>
    <ClInclude Include="CalculatorCtrlDlg.h">
      <Filter>Header Files</Filter>
    </ClInclude>
    <ClInclude Include="Resource.h">
      <Filter>Header Files</Filter>
    </ClInclude>
    <ClInclude Include="StdAfx.h">
      <Filter>Header Files</Filter>
    </ClInclude>
  </ItemGroup>
  <ItemGroup>
    <None Include="res\CalculatorCtrl.ico">
      <Filter>Resource Files</Filter>
    </None>
    <None Include="res\CalculatorCtrl.rc2">
      <Filter>Resource Files</Filter>
    </None>
    <None Include="ReadMe.txt" />
  </ItemGroup>
  <ItemGroup>
    <Manifest Include="CalculatorCtrl.exe.manifest" />
  </ItemGroup>
</Project>