<?xml version="1.0" encoding="utf-8"?>
<Project ToolsVersion="4.0" xmlns="http://schemas.microsoft.com/developer/msbuild/2003">
  <ItemGroup>
    <Filter Include="Source Files">
      <UniqueIdentifier>{30af57e8-9983-4101-a6e6-ce9d882562f7}</UniqueIdentifier>
      <Extensions>cpp;c;cxx;rc;def;r;odl;idl;hpj;bat</Extensions>
    </Filter>
    <Filter Include="Source Files\UTSource">
      <UniqueIdentifier>{cabd8700-eb07-431d-8811-e9fa9ddea961}</UniqueIdentifier>
    </Filter>
    <Filter Include="Header Files">
      <UniqueIdentifier>{841a069f-a6e6-46f6-baa3-b197cfb85cd0}</UniqueIdentifier>
      <Extensions>h;hpp;hxx;hm;inl</Extensions>
    </Filter>
    <Filter Include="Resource Files">
      <UniqueIdentifier>{fccca5e6-35aa-4062-914d-ea649bd5f9c6}</UniqueIdentifier>
      <Extensions>ico;cur;bmp;dlg;rc2;rct;bin;cnt;rtf;gif;jpg;jpeg;jpe</Extensions>
    </Filter>
  </ItemGroup>
  <ItemGroup>
    <ClCompile Include="AdvancedAssert.cpp">
      <Filter>Source Files</Filter>
    </ClCompile>
    <ClCompile Include="AdvancedAssertDlg.cpp">
      <Filter>Source Files</Filter>
    </ClCompile>
    <ClCompile Include="CustomizeAssertDlg.cpp">
      <Filter>Source Files</Filter>
    </ClCompile>
    <ClCompile Include="..\..\..\source\UTSampleAbout\HtmlCtrl.cpp">
      <Filter>Source Files</Filter>
    </ClCompile>
    <ClCompile Include="StdAfx.cpp">
      <Filter>Source Files</Filter>
    </ClCompile>
    <ClCompile Include="..\..\..\source\UTBStrOp.cpp">
      <Filter>Source Files</Filter>
    </ClCompile>
    <ClCompile Include="..\..\..\Source\OXAdvancedAssert.cpp">
      <Filter>Source Files\UTSource</Filter>
    </ClCompile>
    <ClCompile Include="..\..\..\Source\OXAdvancedAssertMail.cpp">
      <Filter>Source Files\UTSource</Filter>
    </ClCompile>
    <ClCompile Include="..\..\..\Source\OXHyperLinkAction.cpp">
      <Filter>Source Files\UTSource</Filter>
    </ClCompile>
    <ClCompile Include="..\..\..\Source\OXStatic.cpp">
      <Filter>Source Files\UTSource</Filter>
    </ClCompile>
    <ClCompile Include="..\..\..\Source\OXStaticHyperLink.cpp">
      <Filter>Source Files\UTSource</Filter>
    </ClCompile>
    <ClCompile Include="..\..\..\Source\UTSampleAbout\UTSampleAbout.cpp">
      <Filter>Source Files\UTSource</Filter>
    </ClCompile>
  </ItemGroup>
  <ItemGroup>
    <ResourceCompile Include="AdvancedAssert.rc">
      <Filter>Source Files</Filter>
    </ResourceCompile>
  </ItemGroup>
  <ItemGroup>
    <ClInclude Include="AdvancedAssert.h">
      <Filter>Header Files</Filter>
    </ClInclude>
    <ClInclude Include="AdvancedAssertDlg.h">
      <Filter>Header Files</Filter>
    </ClInclude>
    <ClInclude Include="CustomizeAssertDlg.h">
      <Filter>Header Files</Filter>
    </ClInclude>
    <ClInclude Include="..\..\..\source\UTSampleAbout\HtmlCtrl.h">
      <Filter>Header Files</Filter>
    </ClInclude>
    <ClInclude Include="..\..\..\Include\OXAdvancedAssert.h">
      <Filter>Header Files</Filter>
    </ClInclude>
    <ClInclude Include="..\..\..\Include\OXAdvancedAssertMail.h">
      <Filter>Header Files</Filter>
    </ClInclude>
    <ClInclude Include="..\..\..\Include\OXHyperLinkAction.h">
      <Filter>Header Files</Filter>
    </ClInclude>
    <ClInclude Include="..\..\..\Include\OXStatic.h">
      <Filter>Header Files</Filter>
    </ClInclude>
    <ClInclude Include="..\..\..\Include\OXStaticHyperLink.h">
      <Filter>Header Files</Filter>
    </ClInclude>
    <ClInclude Include="Resource.h">
      <Filter>Header Files</Filter>
    </ClInclude>
    <ClInclude Include="StdAfx.h">
      <Filter>Header Files</Filter>
    </ClInclude>
    <ClInclude Include="..\..\..\include\utbstrop.h">
      <Filter>Header Files</Filter>
    </ClInclude>
  </ItemGroup>
  <ItemGroup>
    <None Include="res\AdvancedAssert.ico">
      <Filter>Resource Files</Filter>
    </None>
    <None Include="res\AdvancedAssert.rc2">
      <Filter>Resource Files</Filter>
    </None>
    <None Include="res\arrow1.bmp">
      <Filter>Resource Files</Filter>
    </None>
    <None Include="res\arrow2.bmp">
      <Filter>Resource Files</Filter>
    </None>
    <None Include="res\bitmap1.bmp">
      <Filter>Resource Files</Filter>
    </None>
    <None Include="ReadMe.txt" />
  </ItemGroup>
</Project>