<?xml version="1.0" encoding="utf-8"?>
<Project ToolsVersion="4.0" xmlns="http://schemas.microsoft.com/developer/msbuild/2003">
  <ItemGroup>
    <Filter Include="Source Files">
      <UniqueIdentifier>{1d03d68d-c398-4e7e-8555-08ad9cf6853d}</UniqueIdentifier>
      <Extensions>cpp;c;cxx;rc;def;r;odl;hpj;bat;for;f90</Extensions>
    </Filter>
    <Filter Include="Source Files\UTSource">
      <UniqueIdentifier>{b077bd6a-0020-4757-892c-c9045003c28c}</UniqueIdentifier>
    </Filter>
    <Filter Include="Header Files">
      <UniqueIdentifier>{76b8614f-60a7-4d63-884b-754cec96d939}</UniqueIdentifier>
      <Extensions>h;hpp;hxx;hm;inl;fi;fd</Extensions>
    </Filter>
    <Filter Include="Resource Files">
      <UniqueIdentifier>{b88077bf-2c69-44d9-9bf8-1ed397d738a6}</UniqueIdentifier>
      <Extensions>ico;cur;bmp;dlg;rc2;rct;bin;cnt;rtf;gif;jpg;jpeg;jpe</Extensions>
    </Filter>
  </ItemGroup>
  <ItemGroup>
    <ClCompile Include="CHILDFRM.CPP">
      <Filter>Source Files</Filter>
    </ClCompile>
    <ClCompile Include="IPFRAME.CPP">
      <Filter>Source Files</Filter>
    </ClCompile>
    <ClCompile Include="MAINFRM.CPP">
      <Filter>Source Files</Filter>
    </ClCompile>
    <ClCompile Include="PENDLG.CPP">
      <Filter>Source Files</Filter>
    </ClCompile>
    <ClCompile Include="SCRIBBLE.CPP">
      <Filter>Source Files</Filter>
    </ClCompile>
    <ClCompile Include="Scribdoc.cpp">
      <Filter>Source Files</Filter>
    </ClCompile>
    <ClCompile Include="SCRIBITM.CPP">
      <Filter>Source Files</Filter>
    </ClCompile>
    <ClCompile Include="Scribvw.cpp">
      <Filter>Source Files</Filter>
    </ClCompile>
    <ClCompile Include="STDAFX.CPP">
      <Filter>Source Files</Filter>
    </ClCompile>
    <ClCompile Include="..\..\..\source\UTSampleAbout\HtmlCtrl.cpp">
      <Filter>Source Files\UTSource</Filter>
    </ClCompile>
    <ClCompile Include="..\..\..\source\UTBStrOp.cpp">
      <Filter>Source Files\UTSource</Filter>
    </ClCompile>
    <ClCompile Include="..\..\..\Source\UTSampleAbout\UTSampleAbout.cpp">
      <Filter>Source Files\UTSource</Filter>
    </ClCompile>
  </ItemGroup>
  <ItemGroup>
    <ResourceCompile Include="Scribble.rc">
      <Filter>Source Files</Filter>
    </ResourceCompile>
  </ItemGroup>
  <ItemGroup>
    <ClInclude Include="ChildFrm.h">
      <Filter>Header Files</Filter>
    </ClInclude>
    <ClInclude Include="IpFrame.h">
      <Filter>Header Files</Filter>
    </ClInclude>
    <ClInclude Include="MainFrm.h">
      <Filter>Header Files</Filter>
    </ClInclude>
    <ClInclude Include="..\..\..\Include\oxundo.h">
      <Filter>Header Files</Filter>
    </ClInclude>
    <ClInclude Include="PenDlg.h">
      <Filter>Header Files</Filter>
    </ClInclude>
    <ClInclude Include="Scribble.h">
      <Filter>Header Files</Filter>
    </ClInclude>
    <ClInclude Include="ScribDoc.h">
      <Filter>Header Files</Filter>
    </ClInclude>
    <ClInclude Include="ScribItm.h">
      <Filter>Header Files</Filter>
    </ClInclude>
    <ClInclude Include="ScribVw.h">
      <Filter>Header Files</Filter>
    </ClInclude>
    <ClInclude Include="stdafx.h">
      <Filter>Header Files</Filter>
    </ClInclude>
  </ItemGroup>
  <ItemGroup>
    <None Include="res\itoolbar.bmp">
      <Filter>Resource Files</Filter>
    </None>
    <None Include="res\Scribble.ico">
      <Filter>Resource Files</Filter>
    </None>
    <None Include="res\Scribble.rc2">
      <Filter>Resource Files</Filter>
    </None>
    <None Include="res\ScribDoc.ico">
      <Filter>Resource Files</Filter>
    </None>
    <None Include="res\Toolbar.bmp">
      <Filter>Resource Files</Filter>
    </None>
  </ItemGroup>
</Project>