
Microsoft Visual Studio Solution File, Format Version 12.00
# Visual Studio 14
VisualStudioVersion = 14.0.25420.1
MinimumVisualStudioVersion = 10.0.40219.1
Project("{8BC9CEB8-8B4A-11D0-8D11-00A0C91BC942}") = "jpg", "jpg.vcxproj", "{DFD7E6C8-ACF8-4424-B74C-B8164EA4D9FE}"
EndProject
Global
	GlobalSection(SolutionConfigurationPlatforms) = preSolution
		Debug|x64 = Debug|x64
		Debug|x86 = Debug|x86
		DebugUnicode|x64 = DebugUnicode|x64
		DebugUnicode|x86 = DebugUnicode|x86
		Release|x64 = Release|x64
		Release|x86 = Release|x86
		ReleaseUnicode|x64 = ReleaseUnicode|x64
		ReleaseUnicode|x86 = ReleaseUnicode|x86
	EndGlobalSection
	GlobalSection(ProjectConfigurationPlatforms) = postSolution
		{DFD7E6C8-ACF8-4424-B74C-B8164EA4D9FE}.Debug|x64.ActiveCfg = Debug|x64
		{DFD7E6C8-ACF8-4424-B74C-B8164EA4D9FE}.Debug|x64.Build.0 = Debug|x64
		{DFD7E6C8-ACF8-4424-B74C-B8164EA4D9FE}.Debug|x86.ActiveCfg = Debug|Win32
		{DFD7E6C8-ACF8-4424-B74C-B8164EA4D9FE}.Debug|x86.Build.0 = Debug|Win32
		{DFD7E6C8-ACF8-4424-B74C-B8164EA4D9FE}.DebugUnicode|x64.ActiveCfg = DebugUnicode|x64
		{DFD7E6C8-ACF8-4424-B74C-B8164EA4D9FE}.DebugUnicode|x64.Build.0 = DebugUnicode|x64
		{DFD7E6C8-ACF8-4424-B74C-B8164EA4D9FE}.DebugUnicode|x86.ActiveCfg = DebugUnicode|Win32
		{DFD7E6C8-ACF8-4424-B74C-B8164EA4D9FE}.DebugUnicode|x86.Build.0 = DebugUnicode|Win32
		{DFD7E6C8-ACF8-4424-B74C-B8164EA4D9FE}.Release|x64.ActiveCfg = Release|x64
		{DFD7E6C8-ACF8-4424-B74C-B8164EA4D9FE}.Release|x64.Build.0 = Release|x64
		{DFD7E6C8-ACF8-4424-B74C-B8164EA4D9FE}.Release|x86.ActiveCfg = Release|Win32
		{DFD7E6C8-ACF8-4424-B74C-B8164EA4D9FE}.Release|x86.Build.0 = Release|Win32
		{DFD7E6C8-ACF8-4424-B74C-B8164EA4D9FE}.ReleaseUnicode|x64.ActiveCfg = ReleaseUnicode|x64
		{DFD7E6C8-ACF8-4424-B74C-B8164EA4D9FE}.ReleaseUnicode|x64.Build.0 = ReleaseUnicode|x64
		{DFD7E6C8-ACF8-4424-B74C-B8164EA4D9FE}.ReleaseUnicode|x86.ActiveCfg = ReleaseUnicode|Win32
		{DFD7E6C8-ACF8-4424-B74C-B8164EA4D9FE}.ReleaseUnicode|x86.Build.0 = ReleaseUnicode|Win32
	EndGlobalSection
	GlobalSection(SolutionProperties) = preSolution
		HideSolutionNode = FALSE
	EndGlobalSection
EndGlobal
